
Microsoft Visual Studio Solution File, Format Version 12.00
# Visual Studio 2012
Project("{FAE04EC0-301F-11D3-BF4B-00C04F79EFBC}") = "Problem", "src\app\Problem\Problem.csproj", "{B05DEE47-DB20-4039-B423-798D95C8E7E4}"
EndProject
Project("{FAE04EC0-301F-11D3-BF4B-00C04F79EFBC}") = "Problem.Tests", "src\test\Problem.Tests\Problem.Tests.csproj", "{D4ECC073-A8FE-4454-8967-17F8EF23F52D}"
EndProject
Global
	GlobalSection(SolutionConfigurationPlatforms) = preSolution
		Debug|Any CPU = Debug|Any CPU
		Release|Any CPU = Release|Any CPU
	EndGlobalSection
	GlobalSection(ProjectConfigurationPlatforms) = postSolution
		{B05DEE47-DB20-4039-B423-798D95C8E7E4}.Debug|Any CPU.ActiveCfg = Debug|Any CPU
		{B05DEE47-DB20-4039-B423-798D95C8E7E4}.Debug|Any CPU.Build.0 = Debug|Any CPU
		{B05DEE47-DB20-4039-B423-798D95C8E7E4}.Release|Any CPU.ActiveCfg = Release|Any CPU
		{B05DEE47-DB20-4039-B423-798D95C8E7E4}.Release|Any CPU.Build.0 = Release|Any CPU
		{D4ECC073-A8FE-4454-8967-17F8EF23F52D}.Debug|Any CPU.ActiveCfg = Debug|Any CPU
		{D4ECC073-A8FE-4454-8967-17F8EF23F52D}.Debug|Any CPU.Build.0 = Debug|Any CPU
		{D4ECC073-A8FE-4454-8967-17F8EF23F52D}.Release|Any CPU.ActiveCfg = Release|Any CPU
		{D4ECC073-A8FE-4454-8967-17F8EF23F52D}.Release|Any CPU.Build.0 = Release|Any CPU
	EndGlobalSection
	GlobalSection(SolutionProperties) = preSolution
		HideSolutionNode = FALSE
	EndGlobalSection
EndGlobal
